
Microsoft Visual Studio Solution File, Format Version 12.00
# Visual Studio Version 17
VisualStudioVersion = 17.0.31903.59
MinimumVisualStudioVersion = 10.0.40219.1
Project("{2150E333-8FDC-42A3-9474-1A3956D46DE8}") = "src", "src", "{261A12C2-F4CB-48C4-9093-E979BEB7591C}"
EndProject
Project("{F2A71F9B-5D33-465A-A702-920D77279786}") = "ClassicASPNetCore.VBScript.Parser", "src\ClassicASPNetCore.VBScript.Parser\ClassicASPNetCore.VBScript.Parser.fsproj", "{B6B1D9D6-72B2-4D61-A5D4-FD6A7C08FFB4}"
EndProject
Global
	GlobalSection(SolutionConfigurationPlatforms) = preSolution
		Debug|Any CPU = Debug|Any CPU
		Release|Any CPU = Release|Any CPU
	EndGlobalSection
	GlobalSection(SolutionProperties) = preSolution
		HideSolutionNode = FALSE
	EndGlobalSection
	GlobalSection(ProjectConfigurationPlatforms) = postSolution
		{B6B1D9D6-72B2-4D61-A5D4-FD6A7C08FFB4}.Debug|Any CPU.ActiveCfg = Debug|Any CPU
		{B6B1D9D6-72B2-4D61-A5D4-FD6A7C08FFB4}.Debug|Any CPU.Build.0 = Debug|Any CPU
		{B6B1D9D6-72B2-4D61-A5D4-FD6A7C08FFB4}.Release|Any CPU.ActiveCfg = Release|Any CPU
		{B6B1D9D6-72B2-4D61-A5D4-FD6A7C08FFB4}.Release|Any CPU.Build.0 = Release|Any CPU
	EndGlobalSection
	GlobalSection(NestedProjects) = preSolution
		{B6B1D9D6-72B2-4D61-A5D4-FD6A7C08FFB4} = {261A12C2-F4CB-48C4-9093-E979BEB7591C}
	EndGlobalSection
EndGlobal
